
Microsoft Visual Studio Solution File, Format Version 12.00
Project("{FAE04EC0-301F-11D3-BF4B-00C04F79EFBC}") = "SinglyLinkedList", "SinglyLinkedList\SinglyLinkedList.csproj", "{69565D49-09CB-4D99-B78D-47564DA1010B}"
EndProject
Project("{FAE04EC0-301F-11D3-BF4B-00C04F79EFBC}") = "DynamicArray", "DynamicArray\DynamicArray.csproj", "{1959AF56-D293-4747-BD62-46B1A6D045F7}"
EndProject
Project("{FAE04EC0-301F-11D3-BF4B-00C04F79EFBC}") = "SinglyLinkedListWithTail", "SinglyLinkedListWithTail\SinglyLinkedListWithTail.csproj", "{844D3A6C-67CA-49A8-BD2C-0C2D34E1ED62}"
EndProject
Project("{FAE04EC0-301F-11D3-BF4B-00C04F79EFBC}") = "SinglyCircularLinkedList", "SinglyCircularLinkedList\SinglyCircularLinkedList.csproj", "{A3B1E15F-57A4-4AFA-8AD5-BC7433028F4A}"
EndProject
Project("{FAE04EC0-301F-11D3-BF4B-00C04F79EFBC}") = "DoubleLinkedList", "DoubleLinkedList\DoubleLinkedList.csproj", "{C2961939-93F7-4AE7-9179-3BF2343B9A37}"
EndProject
Project("{FAE04EC0-301F-11D3-BF4B-00C04F79EFBC}") = "DoubleCircularLinkedList", "DoubleCircularLinkedList\DoubleCircularLinkedList.csproj", "{FF37B46D-5724-461C-8072-CC4E85C3023D}"
EndProject
Project("{FAE04EC0-301F-11D3-BF4B-00C04F79EFBC}") = "StackOnArray", "StackOnArray\StackOnArray.csproj", "{E772DA71-B4E6-4E3C-A5E2-871078430D00}"
EndProject
Project("{FAE04EC0-301F-11D3-BF4B-00C04F79EFBC}") = "StackOnLinkedList", "StackOnLinkedList\StackOnLinkedList.csproj", "{9636E44D-B049-463B-B347-BA31312803FE}"
EndProject
Project("{FAE04EC0-301F-11D3-BF4B-00C04F79EFBC}") = "QueueOnArray", "QueueOnArray\QueueOnArray.csproj", "{F90D4366-AF96-40FA-8C59-FF2E660E2993}"
EndProject
Project("{FAE04EC0-301F-11D3-BF4B-00C04F79EFBC}") = "QueueOnLinkedList", "QueueOnLinkedList\QueueOnLinkedList.csproj", "{C990776A-045D-4E46-99AB-B869D6BEDAFB}"
EndProject
Project("{FAE04EC0-301F-11D3-BF4B-00C04F79EFBC}") = "SetOnArray", "SetOnArray\SetOnArray.csproj", "{E3205C77-1961-4ACF-8288-E0F3492D706D}"
EndProject
Project("{FAE04EC0-301F-11D3-BF4B-00C04F79EFBC}") = "SimpleHashTable", "SimpleHashTable\SimpleHashTable.csproj", "{4D34696C-DBF8-43A5-B84C-B6AA2C82D22D}"
EndProject
Global
	GlobalSection(SolutionConfigurationPlatforms) = preSolution
		Debug|Any CPU = Debug|Any CPU
		Release|Any CPU = Release|Any CPU
	EndGlobalSection
	GlobalSection(ProjectConfigurationPlatforms) = postSolution
		{69565D49-09CB-4D99-B78D-47564DA1010B}.Debug|Any CPU.ActiveCfg = Debug|Any CPU
		{69565D49-09CB-4D99-B78D-47564DA1010B}.Debug|Any CPU.Build.0 = Debug|Any CPU
		{69565D49-09CB-4D99-B78D-47564DA1010B}.Release|Any CPU.ActiveCfg = Release|Any CPU
		{69565D49-09CB-4D99-B78D-47564DA1010B}.Release|Any CPU.Build.0 = Release|Any CPU
		{1959AF56-D293-4747-BD62-46B1A6D045F7}.Debug|Any CPU.ActiveCfg = Debug|Any CPU
		{1959AF56-D293-4747-BD62-46B1A6D045F7}.Debug|Any CPU.Build.0 = Debug|Any CPU
		{1959AF56-D293-4747-BD62-46B1A6D045F7}.Release|Any CPU.ActiveCfg = Release|Any CPU
		{1959AF56-D293-4747-BD62-46B1A6D045F7}.Release|Any CPU.Build.0 = Release|Any CPU
		{844D3A6C-67CA-49A8-BD2C-0C2D34E1ED62}.Debug|Any CPU.ActiveCfg = Debug|Any CPU
		{844D3A6C-67CA-49A8-BD2C-0C2D34E1ED62}.Debug|Any CPU.Build.0 = Debug|Any CPU
		{844D3A6C-67CA-49A8-BD2C-0C2D34E1ED62}.Release|Any CPU.ActiveCfg = Release|Any CPU
		{844D3A6C-67CA-49A8-BD2C-0C2D34E1ED62}.Release|Any CPU.Build.0 = Release|Any CPU
		{A3B1E15F-57A4-4AFA-8AD5-BC7433028F4A}.Debug|Any CPU.ActiveCfg = Debug|Any CPU
		{A3B1E15F-57A4-4AFA-8AD5-BC7433028F4A}.Debug|Any CPU.Build.0 = Debug|Any CPU
		{A3B1E15F-57A4-4AFA-8AD5-BC7433028F4A}.Release|Any CPU.ActiveCfg = Release|Any CPU
		{A3B1E15F-57A4-4AFA-8AD5-BC7433028F4A}.Release|Any CPU.Build.0 = Release|Any CPU
		{C2961939-93F7-4AE7-9179-3BF2343B9A37}.Debug|Any CPU.ActiveCfg = Debug|Any CPU
		{C2961939-93F7-4AE7-9179-3BF2343B9A37}.Debug|Any CPU.Build.0 = Debug|Any CPU
		{C2961939-93F7-4AE7-9179-3BF2343B9A37}.Release|Any CPU.ActiveCfg = Release|Any CPU
		{C2961939-93F7-4AE7-9179-3BF2343B9A37}.Release|Any CPU.Build.0 = Release|Any CPU
		{FF37B46D-5724-461C-8072-CC4E85C3023D}.Debug|Any CPU.ActiveCfg = Debug|Any CPU
		{FF37B46D-5724-461C-8072-CC4E85C3023D}.Debug|Any CPU.Build.0 = Debug|Any CPU
		{FF37B46D-5724-461C-8072-CC4E85C3023D}.Release|Any CPU.ActiveCfg = Release|Any CPU
		{FF37B46D-5724-461C-8072-CC4E85C3023D}.Release|Any CPU.Build.0 = Release|Any CPU
		{E772DA71-B4E6-4E3C-A5E2-871078430D00}.Debug|Any CPU.ActiveCfg = Debug|Any CPU
		{E772DA71-B4E6-4E3C-A5E2-871078430D00}.Debug|Any CPU.Build.0 = Debug|Any CPU
		{E772DA71-B4E6-4E3C-A5E2-871078430D00}.Release|Any CPU.ActiveCfg = Release|Any CPU
		{E772DA71-B4E6-4E3C-A5E2-871078430D00}.Release|Any CPU.Build.0 = Release|Any CPU
		{9636E44D-B049-463B-B347-BA31312803FE}.Debug|Any CPU.ActiveCfg = Debug|Any CPU
		{9636E44D-B049-463B-B347-BA31312803FE}.Debug|Any CPU.Build.0 = Debug|Any CPU
		{9636E44D-B049-463B-B347-BA31312803FE}.Release|Any CPU.ActiveCfg = Release|Any CPU
		{9636E44D-B049-463B-B347-BA31312803FE}.Release|Any CPU.Build.0 = Release|Any CPU
		{F90D4366-AF96-40FA-8C59-FF2E660E2993}.Debug|Any CPU.ActiveCfg = Debug|Any CPU
		{F90D4366-AF96-40FA-8C59-FF2E660E2993}.Debug|Any CPU.Build.0 = Debug|Any CPU
		{F90D4366-AF96-40FA-8C59-FF2E660E2993}.Release|Any CPU.ActiveCfg = Release|Any CPU
		{F90D4366-AF96-40FA-8C59-FF2E660E2993}.Release|Any CPU.Build.0 = Release|Any CPU
		{C990776A-045D-4E46-99AB-B869D6BEDAFB}.Debug|Any CPU.ActiveCfg = Debug|Any CPU
		{C990776A-045D-4E46-99AB-B869D6BEDAFB}.Debug|Any CPU.Build.0 = Debug|Any CPU
		{C990776A-045D-4E46-99AB-B869D6BEDAFB}.Release|Any CPU.ActiveCfg = Release|Any CPU
		{C990776A-045D-4E46-99AB-B869D6BEDAFB}.Release|Any CPU.Build.0 = Release|Any CPU
		{E3205C77-1961-4ACF-8288-E0F3492D706D}.Debug|Any CPU.ActiveCfg = Debug|Any CPU
		{E3205C77-1961-4ACF-8288-E0F3492D706D}.Debug|Any CPU.Build.0 = Debug|Any CPU
		{E3205C77-1961-4ACF-8288-E0F3492D706D}.Release|Any CPU.ActiveCfg = Release|Any CPU
		{E3205C77-1961-4ACF-8288-E0F3492D706D}.Release|Any CPU.Build.0 = Release|Any CPU
		{4D34696C-DBF8-43A5-B84C-B6AA2C82D22D}.Debug|Any CPU.ActiveCfg = Debug|Any CPU
		{4D34696C-DBF8-43A5-B84C-B6AA2C82D22D}.Debug|Any CPU.Build.0 = Debug|Any CPU
		{4D34696C-DBF8-43A5-B84C-B6AA2C82D22D}.Release|Any CPU.ActiveCfg = Release|Any CPU
		{4D34696C-DBF8-43A5-B84C-B6AA2C82D22D}.Release|Any CPU.Build.0 = Release|Any CPU
	EndGlobalSection
EndGlobal
